
Microsoft Visual Studio Solution File, Format Version 12.00
# Visual Studio Version 16
VisualStudioVersion = 16.0.31112.23
MinimumVisualStudioVersion = 10.0.40219.1
Project("{FAE04EC0-301F-11D3-BF4B-00C04F79EFBC}") = "YouTube_Ripper", "YouTube_Ripper\YouTube_Ripper.csproj", "{E5B89BCD-134A-4748-9B3E-2A858C85AFF3}"
EndProject
Global
	GlobalSection(SolutionConfigurationPlatforms) = preSolution
		Debug|Any CPU = Debug|Any CPU
		Release|Any CPU = Release|Any CPU
	EndGlobalSection
	GlobalSection(ProjectConfigurationPlatforms) = postSolution
		{E5B89BCD-134A-4748-9B3E-2A858C85AFF3}.Debug|Any CPU.ActiveCfg = Debug|Any CPU
		{E5B89BCD-134A-4748-9B3E-2A858C85AFF3}.Debug|Any CPU.Build.0 = Debug|Any CPU
		{E5B89BCD-134A-4748-9B3E-2A858C85AFF3}.Release|Any CPU.ActiveCfg = Release|Any CPU
		{E5B89BCD-134A-4748-9B3E-2A858C85AFF3}.Release|Any CPU.Build.0 = Release|Any CPU
	EndGlobalSection
	GlobalSection(SolutionProperties) = preSolution
		HideSolutionNode = FALSE
	EndGlobalSection
	GlobalSection(ExtensibilityGlobals) = postSolution
		SolutionGuid = {DE2FD0C9-5F09-4CEB-AECF-82EFC537DA18}
	EndGlobalSection
EndGlobal
